// !$*UTF8*$!
{
	archiveVersion = 1;
	classes = {
	};
	objectVersion = 56;
	objects = {

/* Begin PBXBuildFile section */
		1218F1BD2CBD4148006C7937 /* AppDelegate.swift in Sources */ = {isa = PBXBuildFile; fileRef = 1218F1BC2CBD4148006C7937 /* AppDelegate.swift */; };
		1218F1BF2CBD4148006C7937 /* GameScene.sks in Resources */ = {isa = PBXBuildFile; fileRef = 1218F1BE2CBD4148006C7937 /* GameScene.sks */; };
		1218F1C12CBD4148006C7937 /* Actions.sks in Resources */ = {isa = PBXBuildFile; fileRef = 1218F1C02CBD4148006C7937 /* Actions.sks */; };
		1218F1C32CBD4148006C7937 /* GameScene.swift in Sources */ = {isa = PBXBuildFile; fileRef = 1218F1C22CBD4148006C7937 /* GameScene.swift */; };
		1218F1C52CBD4148006C7937 /* GameViewController.swift in Sources */ = {isa = PBXBuildFile; fileRef = 1218F1C42CBD4148006C7937 /* GameViewController.swift */; };
		1218F1C82CBD4148006C7937 /* Main.storyboard in Resources */ = {isa = PBXBuildFile; fileRef = 1218F1C62CBD4148006C7937 /* Main.storyboard */; };
		1218F1CA2CBD414A006C7937 /* Assets.xcassets in Resources */ = {isa = PBXBuildFile; fileRef = 1218F1C92CBD414A006C7937 /* Assets.xcassets */; };
		1218F1CD2CBD414A006C7937 /* LaunchScreen.storyboard in Resources */ = {isa = PBXBuildFile; fileRef = 1218F1CB2CBD414A006C7937 /* LaunchScreen.storyboard */; };
		1218F1F12CBD41DD006C7937 /* Player.swift in Sources */ = {isa = PBXBuildFile; fileRef = 1218F1F02CBD41DD006C7937 /* Player.swift */; };
		1218F1F32CBD5BB9006C7937 /* SwiftUIView.swift in Sources */ = {isa = PBXBuildFile; fileRef = 1218F1F22CBD5BB9006C7937 /* SwiftUIView.swift */; };
/* End PBXBuildFile section */

/* Begin PBXContainerItemProxy section */
		1218F1D32CBD414A006C7937 /* PBXContainerItemProxy */ = {
			isa = PBXContainerItemProxy;
			containerPortal = 1218F1B12CBD4148006C7937 /* Project object */;
			proxyType = 1;
			remoteGlobalIDString = 1218F1B82CBD4148006C7937;
			remoteInfo = SpriteKitPractice;
		};
		1218F1DD2CBD414A006C7937 /* PBXContainerItemProxy */ = {
			isa = PBXContainerItemProxy;
			containerPortal = 1218F1B12CBD4148006C7937 /* Project object */;
			proxyType = 1;
			remoteGlobalIDString = 1218F1B82CBD4148006C7937;
			remoteInfo = SpriteKitPractice;
		};
/* End PBXContainerItemProxy section */

/* Begin PBXFileReference section */
		1218F1B92CBD4148006C7937 /* SpriteKitPractice.app */ = {isa = PBXFileReference; explicitFileType = wrapper.application; includeInIndex = 0; path = SpriteKitPractice.app; sourceTree = BUILT_PRODUCTS_DIR; };
		1218F1BC2CBD4148006C7937 /* AppDelegate.swift */ = {isa = PBXFileReference; lastKnownFileType = sourcecode.swift; path = AppDelegate.swift; sourceTree = "<group>"; };
		1218F1BE2CBD4148006C7937 /* GameScene.sks */ = {isa = PBXFileReference; lastKnownFileType = file.sks; path = GameScene.sks; sourceTree = "<group>"; };
		1218F1C02CBD4148006C7937 /* Actions.sks */ = {isa = PBXFileReference; lastKnownFileType = file.sks; path = Actions.sks; sourceTree = "<group>"; };
		1218F1C22CBD4148006C7937 /* GameScene.swift */ = {isa = PBXFileReference; lastKnownFileType = sourcecode.swift; path = GameScene.swift; sourceTree = "<group>"; };
		1218F1C42CBD4148006C7937 /* GameViewController.swift */ = {isa = PBXFileReference; lastKnownFileType = sourcecode.swift; path = GameViewController.swift; sourceTree = "<group>"; };
		1218F1C72CBD4148006C7937 /* Base */ = {isa = PBXFileReference; lastKnownFileType = file.storyboard; name = Base; path = Base.lproj/Main.storyboard; sourceTree = "<group>"; };
		1218F1C92CBD414A006C7937 /* Assets.xcassets */ = {isa = PBXFileReference; lastKnownFileType = folder.assetcatalog; path = Assets.xcassets; sourceTree = "<group>"; };
		1218F1CC2CBD414A006C7937 /* Base */ = {isa = PBXFileReference; lastKnownFileType = file.storyboard; name = Base; path = Base.lproj/LaunchScreen.storyboard; sourceTree = "<group>"; };
		1218F1D22CBD414A006C7937 /* SpriteKitPracticeTests.xctest */ = {isa = PBXFileReference; explicitFileType = wrapper.cfbundle; includeInIndex = 0; path = SpriteKitPracticeTests.xctest; sourceTree = BUILT_PRODUCTS_DIR; };
		1218F1DC2CBD414A006C7937 /* SpriteKitPracticeUITests.xctest */ = {isa = PBXFileReference; explicitFileType = wrapper.cfbundle; includeInIndex = 0; path = SpriteKitPracticeUITests.xctest; sourceTree = BUILT_PRODUCTS_DIR; };
		1218F1F02CBD41DD006C7937 /* Player.swift */ = {isa = PBXFileReference; lastKnownFileType = sourcecode.swift; path = Player.swift; sourceTree = "<group>"; };
		1218F1F22CBD5BB9006C7937 /* SwiftUIView.swift */ = {isa = PBXFileReference; lastKnownFileType = sourcecode.swift; path = SwiftUIView.swift; sourceTree = "<group>"; };
/* End PBXFileReference section */

/* Begin PBXFrameworksBuildPhase section */
		1218F1B62CBD4148006C7937 /* Frameworks */ = {
			isa = PBXFrameworksBuildPhase;
			buildActionMask = 2147483647;
			files = (
			);
			runOnlyForDeploymentPostprocessing = 0;
		};
		1218F1CF2CBD414A006C7937 /* Frameworks */ = {
			isa = PBXFrameworksBuildPhase;
			buildActionMask = 2147483647;
			files = (
			);
			runOnlyForDeploymentPostprocessing = 0;
		};
		1218F1D92CBD414A006C7937 /* Frameworks */ = {
			isa = PBXFrameworksBuildPhase;
			buildActionMask = 2147483647;
			files = (
			);
			runOnlyForDeploymentPostprocessing = 0;
		};
/* End PBXFrameworksBuildPhase section */

/* Begin PBXGroup section */
		1218F1B02CBD4148006C7937 = {
			isa = PBXGroup;
			children = (
				1218F1BB2CBD4148006C7937 /* SpriteKitPractice */,
				1218F1BA2CBD4148006C7937 /* Products */,
			);
			sourceTree = "<group>";
		};
		1218F1BA2CBD4148006C7937 /* Products */ = {
			isa = PBXGroup;
			children = (
				1218F1B92CBD4148006C7937 /* SpriteKitPractice.app */,
				1218F1D22CBD414A006C7937 /* SpriteKitPracticeTests.xctest */,
				1218F1DC2CBD414A006C7937 /* SpriteKitPracticeUITests.xctest */,
			);
			name = Products;
			sourceTree = "<group>";
		};
		1218F1BB2CBD4148006C7937 /* SpriteKitPractice */ = {
			isa = PBXGroup;
			children = (
				1218F1BC2CBD4148006C7937 /* AppDelegate.swift */,
				1218F1BE2CBD4148006C7937 /* GameScene.sks */,
				1218F1C02CBD4148006C7937 /* Actions.sks */,
				1218F1C22CBD4148006C7937 /* GameScene.swift */,
				1218F1EF2CBD41CB006C7937 /* VisualNode */,
				1218F1C42CBD4148006C7937 /* GameViewController.swift */,
				1218F1C62CBD4148006C7937 /* Main.storyboard */,
				1218F1C92CBD414A006C7937 /* Assets.xcassets */,
				1218F1CB2CBD414A006C7937 /* LaunchScreen.storyboard */,
				1218F1F22CBD5BB9006C7937 /* SwiftUIView.swift */,
			);
			path = SpriteKitPractice;
			sourceTree = "<group>";
		};
		1218F1EF2CBD41CB006C7937 /* VisualNode */ = {
			isa = PBXGroup;
			children = (
				1218F1F02CBD41DD006C7937 /* Player.swift */,
			);
			path = VisualNode;
			sourceTree = "<group>";
		};
/* End PBXGroup section */

/* Begin PBXNativeTarget section */
		1218F1B82CBD4148006C7937 /* SpriteKitPractice */ = {
			isa = PBXNativeTarget;
			buildConfigurationList = 1218F1E62CBD414A006C7937 /* Build configuration list for PBXNativeTarget "SpriteKitPractice" */;
			buildPhases = (
				1218F1B52CBD4148006C7937 /* Sources */,
				1218F1B62CBD4148006C7937 /* Frameworks */,
				1218F1B72CBD4148006C7937 /* Resources */,
			);
			buildRules = (
			);
			dependencies = (
			);
			name = SpriteKitPractice;
			productName = SpriteKitPractice;
			productReference = 1218F1B92CBD4148006C7937 /* SpriteKitPractice.app */;
			productType = "com.apple.product-type.application";
		};
		1218F1D12CBD414A006C7937 /* SpriteKitPracticeTests */ = {
			isa = PBXNativeTarget;
			buildConfigurationList = 1218F1E92CBD414A006C7937 /* Build configuration list for PBXNativeTarget "SpriteKitPracticeTests" */;
			buildPhases = (
				1218F1CE2CBD414A006C7937 /* Sources */,
				1218F1CF2CBD414A006C7937 /* Frameworks */,
				1218F1D02CBD414A006C7937 /* Resources */,
			);
			buildRules = (
			);
			dependencies = (
				1218F1D42CBD414A006C7937 /* PBXTargetDependency */,
			);
			name = SpriteKitPracticeTests;
			productName = SpriteKitPracticeTests;
			productReference = 1218F1D22CBD414A006C7937 /* SpriteKitPracticeTests.xctest */;
			productType = "com.apple.product-type.bundle.unit-test";
		};
		1218F1DB2CBD414A006C7937 /* SpriteKitPracticeUITests */ = {
			isa = PBXNativeTarget;
			buildConfigurationList = 1218F1EC2CBD414A006C7937 /* Build configuration list for PBXNativeTarget "SpriteKitPracticeUITests" */;
			buildPhases = (
				1218F1D82CBD414A006C7937 /* Sources */,
				1218F1D92CBD414A006C7937 /* Frameworks */,
				1218F1DA2CBD414A006C7937 /* Resources */,
			);
			buildRules = (
			);
			dependencies = (
				1218F1DE2CBD414A006C7937 /* PBXTargetDependency */,
			);
			name = SpriteKitPracticeUITests;
			productName = SpriteKitPracticeUITests;
			productReference = 1218F1DC2CBD414A006C7937 /* SpriteKitPracticeUITests.xctest */;
			productType = "com.apple.product-type.bundle.ui-testing";
		};
/* End PBXNativeTarget section */

/* Begin PBXProject section */
		1218F1B12CBD4148006C7937 /* Project object */ = {
			isa = PBXProject;
			attributes = {
				BuildIndependentTargetsInParallel = 1;
				LastSwiftUpdateCheck = 1520;
				LastUpgradeCheck = 1520;
				TargetAttributes = {
					1218F1B82CBD4148006C7937 = {
						CreatedOnToolsVersion = 15.2;
					};
					1218F1D12CBD414A006C7937 = {
						CreatedOnToolsVersion = 15.2;
						TestTargetID = 1218F1B82CBD4148006C7937;
					};
					1218F1DB2CBD414A006C7937 = {
						CreatedOnToolsVersion = 15.2;
						TestTargetID = 1218F1B82CBD4148006C7937;
					};
				};
			};
			buildConfigurationList = 1218F1B42CBD4148006C7937 /* Build configuration list for PBXProject "SpriteKitPractice" */;
			compatibilityVersion = "Xcode 14.0";
			developmentRegion = en;
			hasScannedForEncodings = 0;
			knownRegions = (
				en,
				Base,
			);
			mainGroup = 1218F1B02CBD4148006C7937;
			productRefGroup = 1218F1BA2CBD4148006C7937 /* Products */;
			projectDirPath = "";
			projectRoot = "";
			targets = (
				1218F1B82CBD4148006C7937 /* SpriteKitPractice */,
				1218F1D12CBD414A006C7937 /* SpriteKitPracticeTests */,
				1218F1DB2CBD414A006C7937 /* SpriteKitPracticeUITests */,
			);
		};
/* End PBXProject section */

/* Begin PBXResourcesBuildPhase section */
		1218F1B72CBD4148006C7937 /* Resources */ = {
			isa = PBXResourcesBuildPhase;
			buildActionMask = 2147483647;
			files = (
				1218F1C82CBD4148006C7937 /* Main.storyboard in Resources */,
				1218F1BF2CBD4148006C7937 /* GameScene.sks in Resources */,
				1218F1CA2CBD414A006C7937 /* Assets.xcassets in Resources */,
				1218F1CD2CBD414A006C7937 /* LaunchScreen.storyboard in Resources */,
				1218F1C12CBD4148006C7937 /* Actions.sks in Resources */,
			);
			runOnlyForDeploymentPostprocessing = 0;
		};
		1218F1D02CBD414A006C7937 /* Resources */ = {
			isa = PBXResourcesBuildPhase;
			buildActionMask = 2147483647;
			files = (
			);
			runOnlyForDeploymentPostprocessing = 0;
		};
		1218F1DA2CBD414A006C7937 /* Resources */ = {
			isa = PBXResourcesBuildPhase;
			buildActionMask = 2147483647;
			files = (
			);
			runOnlyForDeploymentPostprocessing = 0;
		};
/* End PBXResourcesBuildPhase section */

/* Begin PBXSourcesBuildPhase section */
		1218F1B52CBD4148006C7937 /* Sources */ = {
			isa = PBXSourcesBuildPhase;
			buildActionMask = 2147483647;
			files = (
				1218F1F12CBD41DD006C7937 /* Player.swift in Sources */,
				1218F1C32CBD4148006C7937 /* GameScene.swift in Sources */,
				1218F1C52CBD4148006C7937 /* GameViewController.swift in Sources */,
				1218F1BD2CBD4148006C7937 /* AppDelegate.swift in Sources */,
				1218F1F32CBD5BB9006C7937 /* SwiftUIView.swift in Sources */,
			);
			runOnlyForDeploymentPostprocessing = 0;
		};
		1218F1CE2CBD414A006C7937 /* Sources */ = {
			isa = PBXSourcesBuildPhase;
			buildActionMask = 2147483647;
			files = (
			);
			runOnlyForDeploymentPostprocessing = 0;
		};
		1218F1D82CBD414A006C7937 /* Sources */ = {
			isa = PBXSourcesBuildPhase;
			buildActionMask = 2147483647;
			files = (
			);
			runOnlyForDeploymentPostprocessing = 0;
		};
/* End PBXSourcesBuildPhase section */

/* Begin PBXTargetDependency section */
		1218F1D42CBD414A006C7937 /* PBXTargetDependency */ = {
			isa = PBXTargetDependency;
			target = 1218F1B82CBD4148006C7937 /* SpriteKitPractice */;
			targetProxy = 1218F1D32CBD414A006C7937 /* PBXContainerItemProxy */;
		};
		1218F1DE2CBD414A006C7937 /* PBXTargetDependency */ = {
			isa = PBXTargetDependency;
			target = 1218F1B82CBD4148006C7937 /* SpriteKitPractice */;
			targetProxy = 1218F1DD2CBD414A006C7937 /* PBXContainerItemProxy */;
		};
/* End PBXTargetDependency section */

/* Begin PBXVariantGroup section */
		1218F1C62CBD4148006C7937 /* Main.storyboard */ = {
			isa = PBXVariantGroup;
			children = (
				1218F1C72CBD4148006C7937 /* Base */,
			);
			name = Main.storyboard;
			sourceTree = "<group>";
		};
		1218F1CB2CBD414A006C7937 /* LaunchScreen.storyboard */ = {
			isa = PBXVariantGroup;
			children = (
				1218F1CC2CBD414A006C7937 /* Base */,
			);
			name = LaunchScreen.storyboard;
			sourceTree = "<group>";
		};
/* End PBXVariantGroup section */

/* Begin XCBuildConfiguration section */
		1218F1E42CBD414A006C7937 /* Debug */ = {
			isa = XCBuildConfiguration;
			buildSettings = {
				ALWAYS_SEARCH_USER_PATHS = NO;
				ASSETCATALOG_COMPILER_GENERATE_SWIFT_ASSET_SYMBOL_EXTENSIONS = YES;
				CLANG_ANALYZER_NONNULL = YES;
				CLANG_ANALYZER_NUMBER_OBJECT_CONVERSION = YES_AGGRESSIVE;
				CLANG_CXX_LANGUAGE_STANDARD = "gnu++20";
				CLANG_ENABLE_MODULES = YES;
				CLANG_ENABLE_OBJC_ARC = YES;
				CLANG_ENABLE_OBJC_WEAK = YES;
				CLANG_WARN_BLOCK_CAPTURE_AUTORELEASING = YES;
				CLANG_WARN_BOOL_CONVERSION = YES;
				CLANG_WARN_COMMA = YES;
				CLANG_WARN_CONSTANT_CONVERSION = YES;
				CLANG_WARN_DEPRECATED_OBJC_IMPLEMENTATIONS = YES;
				CLANG_WARN_DIRECT_OBJC_ISA_USAGE = YES_ERROR;
				CLANG_WARN_DOCUMENTATION_COMMENTS = YES;
				CLANG_WARN_EMPTY_BODY = YES;
				CLANG_WARN_ENUM_CONVERSION = YES;
				CLANG_WARN_INFINITE_RECURSION = YES;
				CLANG_WARN_INT_CONVERSION = YES;
				CLANG_WARN_NON_LITERAL_NULL_CONVERSION = YES;
				CLANG_WARN_OBJC_IMPLICIT_RETAIN_SELF = YES;
				CLANG_WARN_OBJC_LITERAL_CONVERSION = YES;
				CLANG_WARN_OBJC_ROOT_CLASS = YES_ERROR;
				CLANG_WARN_QUOTED_INCLUDE_IN_FRAMEWORK_HEADER = YES;
				CLANG_WARN_RANGE_LOOP_ANALYSIS = YES;
				CLANG_WARN_STRICT_PROTOTYPES = YES;
				CLANG_WARN_SUSPICIOUS_MOVE = YES;
				CLANG_WARN_UNGUARDED_AVAILABILITY = YES_AGGRESSIVE;
				CLANG_WARN_UNREACHABLE_CODE = YES;
				CLANG_WARN__DUPLICATE_METHOD_MATCH = YES;
				COPY_PHASE_STRIP = NO;
				DEBUG_INFORMATION_FORMAT = dwarf;
				ENABLE_STRICT_OBJC_MSGSEND = YES;
				ENABLE_TESTABILITY = YES;
				ENABLE_USER_SCRIPT_SANDBOXING = YES;
				GCC_C_LANGUAGE_STANDARD = gnu17;
				GCC_DYNAMIC_NO_PIC = NO;
				GCC_NO_COMMON_BLOCKS = YES;
				GCC_OPTIMIZATION_LEVEL = 0;
				GCC_PREPROCESSOR_DEFINITIONS = (
					"DEBUG=1",
					"$(inherited)",
				);
				GCC_WARN_64_TO_32_BIT_CONVERSION = YES;
				GCC_WARN_ABOUT_RETURN_TYPE = YES_ERROR;
				GCC_WARN_UNDECLARED_SELECTOR = YES;
				GCC_WARN_UNINITIALIZED_AUTOS = YES_AGGRESSIVE;
				GCC_WARN_UNUSED_FUNCTION = YES;
				GCC_WARN_UNUSED_VARIABLE = YES;
				IPHONEOS_DEPLOYMENT_TARGET = 17.2;
				LOCALIZATION_PREFERS_STRING_CATALOGS = YES;
				MTL_ENABLE_DEBUG_INFO = INCLUDE_SOURCE;
				MTL_FAST_MATH = YES;
				ONLY_ACTIVE_ARCH = YES;
				SDKROOT = iphoneos;
				SWIFT_ACTIVE_COMPILATION_CONDITIONS = "DEBUG $(inherited)";
				SWIFT_OPTIMIZATION_LEVEL = "-Onone";
			};
			name = Debug;
		};
		1218F1E52CBD414A006C7937 /* Release */ = {
			isa = XCBuildConfiguration;
			buildSettings = {
				ALWAYS_SEARCH_USER_PATHS = NO;
				ASSETCATALOG_COMPILER_GENERATE_SWIFT_ASSET_SYMBOL_EXTENSIONS = YES;
				CLANG_ANALYZER_NONNULL = YES;
				CLANG_ANALYZER_NUMBER_OBJECT_CONVERSION = YES_AGGRESSIVE;
				CLANG_CXX_LANGUAGE_STANDARD = "gnu++20";
				CLANG_ENABLE_MODULES = YES;
				CLANG_ENABLE_OBJC_ARC = YES;
				CLANG_ENABLE_OBJC_WEAK = YES;
				CLANG_WARN_BLOCK_CAPTURE_AUTORELEASING = YES;
				CLANG_WARN_BOOL_CONVERSION = YES;
				CLANG_WARN_COMMA = YES;
				CLANG_WARN_CONSTANT_CONVERSION = YES;
				CLANG_WARN_DEPRECATED_OBJC_IMPLEMENTATIONS = YES;
				CLANG_WARN_DIRECT_OBJC_ISA_USAGE = YES_ERROR;
				CLANG_WARN_DOCUMENTATION_COMMENTS = YES;
				CLANG_WARN_EMPTY_BODY = YES;
				CLANG_WARN_ENUM_CONVERSION = YES;
				CLANG_WARN_INFINITE_RECURSION = YES;
				CLANG_WARN_INT_CONVERSION = YES;
				CLANG_WARN_NON_LITERAL_NULL_CONVERSION = YES;
				CLANG_WARN_OBJC_IMPLICIT_RETAIN_SELF = YES;
				CLANG_WARN_OBJC_LITERAL_CONVERSION = YES;
				CLANG_WARN_OBJC_ROOT_CLASS = YES_ERROR;
				CLANG_WARN_QUOTED_INCLUDE_IN_FRAMEWORK_HEADER = YES;
				CLANG_WARN_RANGE_LOOP_ANALYSIS = YES;
				CLANG_WARN_STRICT_PROTOTYPES = YES;
				CLANG_WARN_SUSPICIOUS_MOVE = YES;
				CLANG_WARN_UNGUARDED_AVAILABILITY = YES_AGGRESSIVE;
				CLANG_WARN_UNREACHABLE_CODE = YES;
				CLANG_WARN__DUPLICATE_METHOD_MATCH = YES;
				COPY_PHASE_STRIP = NO;
				DEBUG_INFORMATION_FORMAT = "dwarf-with-dsym";
				ENABLE_NS_ASSERTIONS = NO;
				ENABLE_STRICT_OBJC_MSGSEND = YES;
				ENABLE_USER_SCRIPT_SANDBOXING = YES;
				GCC_C_LANGUAGE_STANDARD = gnu17;
				GCC_NO_COMMON_BLOCKS = YES;
				GCC_WARN_64_TO_32_BIT_CONVERSION = YES;
				GCC_WARN_ABOUT_RETURN_TYPE = YES_ERROR;
				GCC_WARN_UNDECLARED_SELECTOR = YES;
				GCC_WARN_UNINITIALIZED_AUTOS = YES_AGGRESSIVE;
				GCC_WARN_UNUSED_FUNCTION = YES;
				GCC_WARN_UNUSED_VARIABLE = YES;
				IPHONEOS_DEPLOYMENT_TARGET = 17.2;
				LOCALIZATION_PREFERS_STRING_CATALOGS = YES;
				MTL_ENABLE_DEBUG_INFO = NO;
				MTL_FAST_MATH = YES;
				SDKROOT = iphoneos;
				SWIFT_COMPILATION_MODE = wholemodule;
				VALIDATE_PRODUCT = YES;
			};
			name = Release;
		};
		1218F1E72CBD414A006C7937 /* Debug */ = {
			isa = XCBuildConfiguration;
			buildSettings = {
				ASSETCATALOG_COMPILER_APPICON_NAME = AppIcon;
				ASSETCATALOG_COMPILER_GLOBAL_ACCENT_COLOR_NAME = AccentColor;
				CODE_SIGN_STYLE = Automatic;
				CURRENT_PROJECT_VERSION = 1;
				DEVELOPMENT_TEAM = H54Z863265;
				GENERATE_INFOPLIST_FILE = YES;
				INFOPLIST_KEY_UIApplicationSupportsIndirectInputEvents = YES;
				INFOPLIST_KEY_UILaunchStoryboardName = LaunchScreen;
				INFOPLIST_KEY_UIMainStoryboardFile = Main;
				INFOPLIST_KEY_UIStatusBarHidden = YES;
				INFOPLIST_KEY_UISupportedInterfaceOrientations_iPad = "UIInterfaceOrientationPortrait UIInterfaceOrientationPortraitUpsideDown UIInterfaceOrientationLandscapeLeft UIInterfaceOrientationLandscapeRight";
				INFOPLIST_KEY_UISupportedInterfaceOrientations_iPhone = "UIInterfaceOrientationPortrait UIInterfaceOrientationLandscapeLeft UIInterfaceOrientationLandscapeRight";
				LD_RUNPATH_SEARCH_PATHS = (
					"$(inherited)",
					"@executable_path/Frameworks",
				);
				MARKETING_VERSION = 1.0;
				PRODUCT_BUNDLE_IDENTIFIER = Yeggggi.SpriteKitPractice;
				PRODUCT_NAME = "$(TARGET_NAME)";
				SWIFT_EMIT_LOC_STRINGS = YES;
				SWIFT_VERSION = 5.0;
				TARGETED_DEVICE_FAMILY = "1,2";
			};
			name = Debug;
		};
		1218F1E82CBD414A006C7937 /* Release */ = {
			isa = XCBuildConfiguration;
			buildSettings = {
				ASSETCATALOG_COMPILER_APPICON_NAME = AppIcon;
				ASSETCATALOG_COMPILER_GLOBAL_ACCENT_COLOR_NAME = AccentColor;
				CODE_SIGN_STYLE = Automatic;
				CURRENT_PROJECT_VERSION = 1;
				DEVELOPMENT_TEAM = H54Z863265;
				GENERATE_INFOPLIST_FILE = YES;
				INFOPLIST_KEY_UIApplicationSupportsIndirectInputEvents = YES;
				INFOPLIST_KEY_UILaunchStoryboardName = LaunchScreen;
				INFOPLIST_KEY_UIMainStoryboardFile = Main;
				INFOPLIST_KEY_UIStatusBarHidden = YES;
				INFOPLIST_KEY_UISupportedInterfaceOrientations_iPad = "UIInterfaceOrientationPortrait UIInterfaceOrientationPortraitUpsideDown UIInterfaceOrientationLandscapeLeft UIInterfaceOrientationLandscapeRight";
				INFOPLIST_KEY_UISupportedInterfaceOrientations_iPhone = "UIInterfaceOrientationPortrait UIInterfaceOrientationLandscapeLeft UIInterfaceOrientationLandscapeRight";
				LD_RUNPATH_SEARCH_PATHS = (
					"$(inherited)",
					"@executable_path/Frameworks",
				);
				MARKETING_VERSION = 1.0;
				PRODUCT_BUNDLE_IDENTIFIER = Yeggggi.SpriteKitPractice;
				PRODUCT_NAME = "$(TARGET_NAME)";
				SWIFT_EMIT_LOC_STRINGS = YES;
				SWIFT_VERSION = 5.0;
				TARGETED_DEVICE_FAMILY = "1,2";
			};
			name = Release;
		};
		1218F1EA2CBD414A006C7937 /* Debug */ = {
			isa = XCBuildConfiguration;
			buildSettings = {
				ALWAYS_EMBED_SWIFT_STANDARD_LIBRARIES = YES;
				BUNDLE_LOADER = "$(TEST_HOST)";
				CODE_SIGN_STYLE = Automatic;
				CURRENT_PROJECT_VERSION = 1;
				DEVELOPMENT_TEAM = H54Z863265;
				GENERATE_INFOPLIST_FILE = YES;
				IPHONEOS_DEPLOYMENT_TARGET = 17.2;
				MARKETING_VERSION = 1.0;
				PRODUCT_BUNDLE_IDENTIFIER = Yeggggi.SpriteKitPracticeTests;
				PRODUCT_NAME = "$(TARGET_NAME)";
				SWIFT_EMIT_LOC_STRINGS = NO;
				SWIFT_VERSION = 5.0;
				TARGETED_DEVICE_FAMILY = "1,2";
				TEST_HOST = "$(BUILT_PRODUCTS_DIR)/SpriteKitPractice.app/$(BUNDLE_EXECUTABLE_FOLDER_PATH)/SpriteKitPractice";
			};
			name = Debug;
		};
		1218F1EB2CBD414A006C7937 /* Release */ = {
			isa = XCBuildConfiguration;
			buildSettings = {
				ALWAYS_EMBED_SWIFT_STANDARD_LIBRARIES = YES;
				BUNDLE_LOADER = "$(TEST_HOST)";
				CODE_SIGN_STYLE = Automatic;
				CURRENT_PROJECT_VERSION = 1;
				DEVELOPMENT_TEAM = H54Z863265;
				GENERATE_INFOPLIST_FILE = YES;
				IPHONEOS_DEPLOYMENT_TARGET = 17.2;
				MARKETING_VERSION = 1.0;
				PRODUCT_BUNDLE_IDENTIFIER = Yeggggi.SpriteKitPracticeTests;
				PRODUCT_NAME = "$(TARGET_NAME)";
				SWIFT_EMIT_LOC_STRINGS = NO;
				SWIFT_VERSION = 5.0;
				TARGETED_DEVICE_FAMILY = "1,2";
				TEST_HOST = "$(BUILT_PRODUCTS_DIR)/SpriteKitPractice.app/$(BUNDLE_EXECUTABLE_FOLDER_PATH)/SpriteKitPractice";
			};
			name = Release;
		};
		1218F1ED2CBD414A006C7937 /* Debug */ = {
			isa = XCBuildConfiguration;
			buildSettings = {
				ALWAYS_EMBED_SWIFT_STANDARD_LIBRARIES = YES;
				CODE_SIGN_STYLE = Automatic;
				CURRENT_PROJECT_VERSION = 1;
				DEVELOPMENT_TEAM = H54Z863265;
				GENERATE_INFOPLIST_FILE = YES;
				MARKETING_VERSION = 1.0;
				PRODUCT_BUNDLE_IDENTIFIER = Yeggggi.SpriteKitPracticeUITests;
				PRODUCT_NAME = "$(TARGET_NAME)";
				SWIFT_EMIT_LOC_STRINGS = NO;
				SWIFT_VERSION = 5.0;
				TARGETED_DEVICE_FAMILY = "1,2";
				TEST_TARGET_NAME = SpriteKitPractice;
			};
			name = Debug;
		};
		1218F1EE2CBD414A006C7937 /* Release */ = {
			isa = XCBuildConfiguration;
			buildSettings = {
				ALWAYS_EMBED_SWIFT_STANDARD_LIBRARIES = YES;
				CODE_SIGN_STYLE = Automatic;
				CURRENT_PROJECT_VERSION = 1;
				DEVELOPMENT_TEAM = H54Z863265;
				GENERATE_INFOPLIST_FILE = YES;
				MARKETING_VERSION = 1.0;
				PRODUCT_BUNDLE_IDENTIFIER = Yeggggi.SpriteKitPracticeUITests;
				PRODUCT_NAME = "$(TARGET_NAME)";
				SWIFT_EMIT_LOC_STRINGS = NO;
				SWIFT_VERSION = 5.0;
				TARGETED_DEVICE_FAMILY = "1,2";
				TEST_TARGET_NAME = SpriteKitPractice;
			};
			name = Release;
		};
/* End XCBuildConfiguration section */

/* Begin XCConfigurationList section */
		1218F1B42CBD4148006C7937 /* Build configuration list for PBXProject "SpriteKitPractice" */ = {
			isa = XCConfigurationList;
			buildConfigurations = (
				1218F1E42CBD414A006C7937 /* Debug */,
				1218F1E52CBD414A006C7937 /* Release */,
			);
			defaultConfigurationIsVisible = 0;
			defaultConfigurationName = Release;
		};
		1218F1E62CBD414A006C7937 /* Build configuration list for PBXNativeTarget "SpriteKitPractice" */ = {
			isa = XCConfigurationList;
			buildConfigurations = (
				1218F1E72CBD414A006C7937 /* Debug */,
				1218F1E82CBD414A006C7937 /* Release */,
			);
			defaultConfigurationIsVisible = 0;
			defaultConfigurationName = Release;
		};
		1218F1E92CBD414A006C7937 /* Build configuration list for PBXNativeTarget "SpriteKitPracticeTests" */ = {
			isa = XCConfigurationList;
			buildConfigurations = (
				1218F1EA2CBD414A006C7937 /* Debug */,
				1218F1EB2CBD414A006C7937 /* Release */,
			);
			defaultConfigurationIsVisible = 0;
			defaultConfigurationName = Release;
		};
		1218F1EC2CBD414A006C7937 /* Build configuration list for PBXNativeTarget "SpriteKitPracticeUITests" */ = {
			isa = XCConfigurationList;
			buildConfigurations = (
				1218F1ED2CBD414A006C7937 /* Debug */,
				1218F1EE2CBD414A006C7937 /* Release */,
			);
			defaultConfigurationIsVisible = 0;
			defaultConfigurationName = Release;
		};
/* End XCConfigurationList section */
	};
	rootObject = 1218F1B12CBD4148006C7937 /* Project object */;
}
